
Microsoft Visual Studio Solution File, Format Version 12.00
# Visual Studio 15
VisualStudioVersion = 15.0.27004.2008
MinimumVisualStudioVersion = 10.0.40219.1
Project("{FAE04EC0-301F-11D3-BF4B-00C04F79EFBC}") = "KinecJoint", "KinecJoint\KinecJoint.csproj", "{5B113E74-2E55-4630-BC8D-D60C9E8E7695}"
EndProject
Global
	GlobalSection(SolutionConfigurationPlatforms) = preSolution
		Debug|Any CPU = Debug|Any CPU
		Release|Any CPU = Release|Any CPU
	EndGlobalSection
	GlobalSection(ProjectConfigurationPlatforms) = postSolution
		{5B113E74-2E55-4630-BC8D-D60C9E8E7695}.Debug|Any CPU.ActiveCfg = Debug|Any CPU
		{5B113E74-2E55-4630-BC8D-D60C9E8E7695}.Debug|Any CPU.Build.0 = Debug|Any CPU
		{5B113E74-2E55-4630-BC8D-D60C9E8E7695}.Release|Any CPU.ActiveCfg = Release|Any CPU
		{5B113E74-2E55-4630-BC8D-D60C9E8E7695}.Release|Any CPU.Build.0 = Release|Any CPU
	EndGlobalSection
	GlobalSection(SolutionProperties) = preSolution
		HideSolutionNode = FALSE
	EndGlobalSection
	GlobalSection(ExtensibilityGlobals) = postSolution
		SolutionGuid = {3E573D35-989A-4BCD-BDD4-157714FE0F5F}
	EndGlobalSection
EndGlobal
